// !$*UTF8*$!
{
	archiveVersion = 1;
	classes = {
	};
	objectVersion = 55;
	objects = {

/* Begin PBXBuildFile section */
		03FAB6FCB22D2CF546ACD4C1 /* Assets.xcassets in Resources */ = {isa = PBXBuildFile; fileRef = 5B2512DCC51446EA508B5912 /* Assets.xcassets */; };
		2EBEAE8089B1B99216C52310 /* SceneDelegate.swift in Sources */ = {isa = PBXBuildFile; fileRef = 7325A605CAFCE04002FC3938 /* SceneDelegate.swift */; };
		86965CDA97EA18E2077F314A /* TuistAssets+Spwit.swift in Sources */ = {isa = PBXBuildFile; fileRef = 2D68266570D3B9A35CEE032B /* TuistAssets+Spwit.swift */; };
		BF33327DA493A705A6BCF5A3 /* ViewController.swift in Sources */ = {isa = PBXBuildFile; fileRef = 7B6426E53798A2485F536710 /* ViewController.swift */; };
		C13F112243A2710554C03C78 /* Alamofire.framework in Frameworks */ = {isa = PBXBuildFile; fileRef = 56A3C56DE8A4ABE23BC046C1 /* Alamofire.framework */; };
		C666288A19942A104D2F696B /* Alamofire.framework in Embed Frameworks */ = {isa = PBXBuildFile; fileRef = 56A3C56DE8A4ABE23BC046C1 /* Alamofire.framework */; settings = {ATTRIBUTES = (CodeSignOnCopy, RemoveHeadersOnCopy, ); }; };
		CA561880910AE794FE903A08 /* spwit.xcdatamodeld in Sources */ = {isa = PBXBuildFile; fileRef = 677492C60FC7C174A0CDE3FF /* spwit.xcdatamodeld */; };
		D28A4893F94D733DC3F0A4BE /* TuistBundle+Spwit.swift in Sources */ = {isa = PBXBuildFile; fileRef = CF21BA5E5FC60000D41142CB /* TuistBundle+Spwit.swift */; };
		E708FE8E13F9E7DACC85A632 /* AppDelegate.swift in Sources */ = {isa = PBXBuildFile; fileRef = D69E64C3CC468E46E10CB5BA /* AppDelegate.swift */; };
/* End PBXBuildFile section */

/* Begin PBXContainerItemProxy section */
		1BC345EFB8637AB0577C9900 /* PBXContainerItemProxy */ = {
			isa = PBXContainerItemProxy;
			containerPortal = 2B71C55FA04D0100112C2519 /* Project object */;
			proxyType = 1;
			remoteGlobalIDString = 9B86499F29372DAD00652EA9;
			remoteInfo = spwit;
		};
/* End PBXContainerItemProxy section */

/* Begin PBXCopyFilesBuildPhase section */
		2393081F469135E863C87702 /* Embed Frameworks */ = {
			isa = PBXCopyFilesBuildPhase;
			buildActionMask = 2147483647;
			dstPath = "";
			dstSubfolderSpec = 10;
			files = (
				C666288A19942A104D2F696B /* Alamofire.framework in Embed Frameworks */,
			);
			name = "Embed Frameworks";
			runOnlyForDeploymentPostprocessing = 0;
		};
		D4F30AC23FEF6C74E3B3E69A /* Embed Frameworks */ = {
			isa = PBXCopyFilesBuildPhase;
			buildActionMask = 2147483647;
			dstPath = "";
			dstSubfolderSpec = 10;
			files = (
			);
			name = "Embed Frameworks";
			runOnlyForDeploymentPostprocessing = 0;
		};
/* End PBXCopyFilesBuildPhase section */

/* Begin PBXFileReference section */
		1DCE38BAFDDCB78119758375 /* spwitTests.xctest */ = {isa = PBXFileReference; explicitFileType = wrapper.cfbundle; includeInIndex = 0; path = spwitTests.xctest; sourceTree = BUILT_PRODUCTS_DIR; };
		2D68266570D3B9A35CEE032B /* TuistAssets+Spwit.swift */ = {isa = PBXFileReference; lastKnownFileType = sourcecode.swift; path = "TuistAssets+Spwit.swift"; sourceTree = "<group>"; };
		3379E08237AD9BCED28486CB /* spwit-Info.plist */ = {isa = PBXFileReference; lastKnownFileType = text.plist; path = "spwit-Info.plist"; sourceTree = "<group>"; };
		49A4D2607AF7DC4C193C7E78 /* spwit.app */ = {isa = PBXFileReference; explicitFileType = wrapper.application; includeInIndex = 0; path = spwit.app; sourceTree = BUILT_PRODUCTS_DIR; };
		56A3C56DE8A4ABE23BC046C1 /* Alamofire.framework */ = {isa = PBXFileReference; explicitFileType = wrapper.framework; includeInIndex = 0; path = Alamofire.framework; sourceTree = BUILT_PRODUCTS_DIR; };
		5B2512DCC51446EA508B5912 /* Assets.xcassets */ = {isa = PBXFileReference; lastKnownFileType = folder.assetcatalog; path = Assets.xcassets; sourceTree = "<group>"; };
		7325A605CAFCE04002FC3938 /* SceneDelegate.swift */ = {isa = PBXFileReference; lastKnownFileType = sourcecode.swift; path = SceneDelegate.swift; sourceTree = "<group>"; };
		7B6426E53798A2485F536710 /* ViewController.swift */ = {isa = PBXFileReference; lastKnownFileType = sourcecode.swift; path = ViewController.swift; sourceTree = "<group>"; };
		932EE22FECC934950F283027 /* spwit.xcdatamodel */ = {isa = PBXFileReference; lastKnownFileType = wrapper.xcdatamodel; path = spwit.xcdatamodel; sourceTree = "<group>"; };
		B9666B99121AF62288E7BC9F /* spwitTests-Info.plist */ = {isa = PBXFileReference; lastKnownFileType = text.plist; path = "spwitTests-Info.plist"; sourceTree = "<group>"; };
		CF21BA5E5FC60000D41142CB /* TuistBundle+Spwit.swift */ = {isa = PBXFileReference; lastKnownFileType = sourcecode.swift; path = "TuistBundle+Spwit.swift"; sourceTree = "<group>"; };
		D69E64C3CC468E46E10CB5BA /* AppDelegate.swift */ = {isa = PBXFileReference; lastKnownFileType = sourcecode.swift; path = AppDelegate.swift; sourceTree = "<group>"; };
/* End PBXFileReference section */

/* Begin PBXFrameworksBuildPhase section */
		02066067B53569899CF3F729 /* Frameworks */ = {
			isa = PBXFrameworksBuildPhase;
			buildActionMask = 2147483647;
			files = (
				C13F112243A2710554C03C78 /* Alamofire.framework in Frameworks */,
			);
			runOnlyForDeploymentPostprocessing = 0;
		};
		E4D97DA9D6356D9E220639E2 /* Frameworks */ = {
			isa = PBXFrameworksBuildPhase;
			buildActionMask = 2147483647;
			files = (
			);
			runOnlyForDeploymentPostprocessing = 0;
		};
/* End PBXFrameworksBuildPhase section */

/* Begin PBXGroup section */
		087F9C7F7C4875460993923C = {
			isa = PBXGroup;
			children = (
				1F9CF9AD866B6D19A4FFB680 /* Project */,
				9580F51D3A87A02A20CC33FB /* Products */,
			);
			sourceTree = "<group>";
		};
		1F9CF9AD866B6D19A4FFB680 /* Project */ = {
			isa = PBXGroup;
			children = (
				39A64DE606C7301578EA6865 /* Derived */,
				844146CE17CB1CDE9B56FE5C /* spwit */,
			);
			name = Project;
			sourceTree = "<group>";
		};
		39A64DE606C7301578EA6865 /* Derived */ = {
			isa = PBXGroup;
			children = (
				C72640ECEB5EDFD246D079A6 /* InfoPlists */,
				DDA7FC873B4A8BA6C14E0FD8 /* Sources */,
			);
			path = Derived;
			sourceTree = "<group>";
		};
		512C34A40F817943D81C1581 /* Resources */ = {
			isa = PBXGroup;
			children = (
				677492C60FC7C174A0CDE3FF /* spwit.xcdatamodeld */,
				5B2512DCC51446EA508B5912 /* Assets.xcassets */,
			);
			path = Resources;
			sourceTree = "<group>";
		};
		844146CE17CB1CDE9B56FE5C /* spwit */ = {
			isa = PBXGroup;
			children = (
				512C34A40F817943D81C1581 /* Resources */,
				BD516BC257BECBC38B3AC14C /* Sources */,
			);
			path = spwit;
			sourceTree = "<group>";
		};
		9580F51D3A87A02A20CC33FB /* Products */ = {
			isa = PBXGroup;
			children = (
				56A3C56DE8A4ABE23BC046C1 /* Alamofire.framework */,
				49A4D2607AF7DC4C193C7E78 /* spwit.app */,
				1DCE38BAFDDCB78119758375 /* spwitTests.xctest */,
			);
			name = Products;
			sourceTree = "<group>";
		};
		BD516BC257BECBC38B3AC14C /* Sources */ = {
			isa = PBXGroup;
			children = (
				D69E64C3CC468E46E10CB5BA /* AppDelegate.swift */,
				7325A605CAFCE04002FC3938 /* SceneDelegate.swift */,
				7B6426E53798A2485F536710 /* ViewController.swift */,
			);
			path = Sources;
			sourceTree = "<group>";
		};
		C72640ECEB5EDFD246D079A6 /* InfoPlists */ = {
			isa = PBXGroup;
			children = (
				3379E08237AD9BCED28486CB /* spwit-Info.plist */,
				B9666B99121AF62288E7BC9F /* spwitTests-Info.plist */,
			);
			path = InfoPlists;
			sourceTree = "<group>";
		};
		DDA7FC873B4A8BA6C14E0FD8 /* Sources */ = {
			isa = PBXGroup;
			children = (
				2D68266570D3B9A35CEE032B /* TuistAssets+Spwit.swift */,
				CF21BA5E5FC60000D41142CB /* TuistBundle+Spwit.swift */,
			);
			path = Sources;
			sourceTree = "<group>";
		};
/* End PBXGroup section */

/* Begin PBXNativeTarget section */
		9B86499F29372DAD00652EA9 /* spwit */ = {
			isa = PBXNativeTarget;
			buildConfigurationList = E6BEAACB61670B65642C9784 /* Build configuration list for PBXNativeTarget "spwit" */;
			buildPhases = (
				B7B186A9F9C9CC41629945B4 /* Sources */,
				8798A0C0ACC13717144AB61F /* Resources */,
				02066067B53569899CF3F729 /* Frameworks */,
				2393081F469135E863C87702 /* Embed Frameworks */,
			);
			buildRules = (
			);
			dependencies = (
			);
			name = spwit;
			packageProductDependencies = (
			);
			productName = spwit;
			productReference = 49A4D2607AF7DC4C193C7E78 /* spwit.app */;
			productType = "com.apple.product-type.application";
		};
		DF12974C85B7B0FC07CD20D0 /* spwitTests */ = {
			isa = PBXNativeTarget;
			buildConfigurationList = D0954B53134111D5BF7E04C9 /* Build configuration list for PBXNativeTarget "spwitTests" */;
			buildPhases = (
				2376F7B952D2B634EAA4AED1 /* Sources */,
				67FEA8A6D9B647410B04C08E /* Resources */,
				E4D97DA9D6356D9E220639E2 /* Frameworks */,
				D4F30AC23FEF6C74E3B3E69A /* Embed Frameworks */,
			);
			buildRules = (
			);
			dependencies = (
				0DDF7122EE48106D216AA8DD /* PBXTargetDependency */,
			);
			name = spwitTests;
			packageProductDependencies = (
			);
			productName = spwitTests;
			productReference = 1DCE38BAFDDCB78119758375 /* spwitTests.xctest */;
			productType = "com.apple.product-type.bundle.unit-test";
		};
/* End PBXNativeTarget section */

/* Begin PBXProject section */
		2B71C55FA04D0100112C2519 /* Project object */ = {
			isa = PBXProject;
			attributes = {
				BuildIndependentTargetsInParallel = YES;
				TargetAttributes = {
					DF12974C85B7B0FC07CD20D0 = {
						TestTargetID = 9B86499F29372DAD00652EA9;
					};
				};
			};
			buildConfigurationList = 76DB1949447AA3C3AC7057D7 /* Build configuration list for PBXProject "spwit" */;
			compatibilityVersion = "Xcode 14.0";
			developmentRegion = en;
			hasScannedForEncodings = 0;
			knownRegions = (
				Base,
				en,
			);
			mainGroup = 087F9C7F7C4875460993923C;
			productRefGroup = 9580F51D3A87A02A20CC33FB /* Products */;
			projectDirPath = "";
			projectRoot = "";
			targets = (
				9B86499F29372DAD00652EA9 /* spwit */,
				DF12974C85B7B0FC07CD20D0 /* spwitTests */,
			);
		};
/* End PBXProject section */

/* Begin PBXResourcesBuildPhase section */
		67FEA8A6D9B647410B04C08E /* Resources */ = {
			isa = PBXResourcesBuildPhase;
			buildActionMask = 2147483647;
			files = (
			);
			runOnlyForDeploymentPostprocessing = 0;
		};
		8798A0C0ACC13717144AB61F /* Resources */ = {
			isa = PBXResourcesBuildPhase;
			buildActionMask = 2147483647;
			files = (
				03FAB6FCB22D2CF546ACD4C1 /* Assets.xcassets in Resources */,
			);
			runOnlyForDeploymentPostprocessing = 0;
		};
/* End PBXResourcesBuildPhase section */

/* Begin PBXSourcesBuildPhase section */
		2376F7B952D2B634EAA4AED1 /* Sources */ = {
			isa = PBXSourcesBuildPhase;
			buildActionMask = 2147483647;
			files = (
			);
			runOnlyForDeploymentPostprocessing = 0;
		};
		B7B186A9F9C9CC41629945B4 /* Sources */ = {
			isa = PBXSourcesBuildPhase;
			buildActionMask = 2147483647;
			files = (
				86965CDA97EA18E2077F314A /* TuistAssets+Spwit.swift in Sources */,
				D28A4893F94D733DC3F0A4BE /* TuistBundle+Spwit.swift in Sources */,
				E708FE8E13F9E7DACC85A632 /* AppDelegate.swift in Sources */,
				2EBEAE8089B1B99216C52310 /* SceneDelegate.swift in Sources */,
				BF33327DA493A705A6BCF5A3 /* ViewController.swift in Sources */,
				CA561880910AE794FE903A08 /* spwit.xcdatamodeld in Sources */,
			);
			runOnlyForDeploymentPostprocessing = 0;
		};
/* End PBXSourcesBuildPhase section */

/* Begin PBXTargetDependency section */
		0DDF7122EE48106D216AA8DD /* PBXTargetDependency */ = {
			isa = PBXTargetDependency;
			name = spwit;
			target = 9B86499F29372DAD00652EA9 /* spwit */;
			targetProxy = 1BC345EFB8637AB0577C9900 /* PBXContainerItemProxy */;
		};
/* End PBXTargetDependency section */

/* Begin XCBuildConfiguration section */
		404CD0A6527EE5EE6C76A0C3 /* Release */ = {
			isa = XCBuildConfiguration;
			buildSettings = {
				BUNDLE_LOADER = "$(TEST_HOST)";
				CODE_SIGN_IDENTITY = "iPhone Developer";
				INFOPLIST_FILE = "Derived/InfoPlists/spwitTests-Info.plist";
				LD_RUNPATH_SEARCH_PATHS = (
					"$(inherited)",
					"@executable_path/Frameworks",
					"@loader_path/Frameworks",
				);
				PRODUCT_BUNDLE_IDENTIFIER = com.bernanda.spwitTests;
				PRODUCT_NAME = spwitTests;
				SDKROOT = iphoneos;
				SUPPORTS_MACCATALYST = NO;
				SUPPORTS_MAC_DESIGNED_FOR_IPHONE_IPAD = YES;
				SUPPORTS_XR_DESIGNED_FOR_IPHONE_IPAD = NO;
				SWIFT_COMPILATION_MODE = wholemodule;
				SWIFT_OPTIMIZATION_LEVEL = "-O";
				SWIFT_VERSION = 5.0;
				TARGETED_DEVICE_FAMILY = "1,2";
				TEST_HOST = "$(BUILT_PRODUCTS_DIR)/spwit.app/$(BUNDLE_EXECUTABLE_FOLDER_PATH)/spwit";
				TEST_TARGET_NAME = spwit;
			};
			name = Release;
		};
		537961C43A8495F14F8E5EC5 /* Debug */ = {
			isa = XCBuildConfiguration;
			buildSettings = {
				BUNDLE_LOADER = "$(TEST_HOST)";
				CODE_SIGN_IDENTITY = "iPhone Developer";
				INFOPLIST_FILE = "Derived/InfoPlists/spwitTests-Info.plist";
				LD_RUNPATH_SEARCH_PATHS = (
					"$(inherited)",
					"@executable_path/Frameworks",
					"@loader_path/Frameworks",
				);
				PRODUCT_BUNDLE_IDENTIFIER = com.bernanda.spwitTests;
				PRODUCT_NAME = spwitTests;
				SDKROOT = iphoneos;
				SUPPORTS_MACCATALYST = NO;
				SUPPORTS_MAC_DESIGNED_FOR_IPHONE_IPAD = YES;
				SUPPORTS_XR_DESIGNED_FOR_IPHONE_IPAD = NO;
				SWIFT_ACTIVE_COMPILATION_CONDITIONS = (
					"$(inherited)",
					DEBUG,
				);
				SWIFT_COMPILATION_MODE = singlefile;
				SWIFT_OPTIMIZATION_LEVEL = "-Onone";
				SWIFT_VERSION = 5.0;
				TARGETED_DEVICE_FAMILY = "1,2";
				TEST_HOST = "$(BUILT_PRODUCTS_DIR)/spwit.app/$(BUNDLE_EXECUTABLE_FOLDER_PATH)/spwit";
				TEST_TARGET_NAME = spwit;
			};
			name = Debug;
		};
		79F6F3825E823A041964EAAA /* Debug */ = {
			isa = XCBuildConfiguration;
			buildSettings = {
				ALWAYS_SEARCH_USER_PATHS = NO;
				CLANG_ANALYZER_LOCALIZABILITY_NONLOCALIZED = YES;
				CLANG_ANALYZER_NONNULL = YES;
				CLANG_ANALYZER_NUMBER_OBJECT_CONVERSION = YES_AGGRESSIVE;
				CLANG_CXX_LANGUAGE_STANDARD = "gnu++14";
				CLANG_CXX_LIBRARY = "libc++";
				CLANG_ENABLE_MODULES = YES;
				CLANG_ENABLE_OBJC_ARC = YES;
				CLANG_ENABLE_OBJC_WEAK = YES;
				CLANG_WARN_BLOCK_CAPTURE_AUTORELEASING = YES;
				CLANG_WARN_BOOL_CONVERSION = YES;
				CLANG_WARN_COMMA = YES;
				CLANG_WARN_CONSTANT_CONVERSION = YES;
				CLANG_WARN_DEPRECATED_OBJC_IMPLEMENTATIONS = YES;
				CLANG_WARN_DIRECT_OBJC_ISA_USAGE = YES_ERROR;
				CLANG_WARN_DOCUMENTATION_COMMENTS = YES;
				CLANG_WARN_EMPTY_BODY = YES;
				CLANG_WARN_ENUM_CONVERSION = YES;
				CLANG_WARN_INFINITE_RECURSION = YES;
				CLANG_WARN_INT_CONVERSION = YES;
				CLANG_WARN_NON_LITERAL_NULL_CONVERSION = YES;
				CLANG_WARN_OBJC_IMPLICIT_RETAIN_SELF = YES;
				CLANG_WARN_OBJC_LITERAL_CONVERSION = YES;
				CLANG_WARN_OBJC_ROOT_CLASS = YES_ERROR;
				CLANG_WARN_QUOTED_INCLUDE_IN_FRAMEWORK_HEADER = YES;
				CLANG_WARN_RANGE_LOOP_ANALYSIS = YES;
				CLANG_WARN_STRICT_PROTOTYPES = YES;
				CLANG_WARN_SUSPICIOUS_MOVE = YES;
				CLANG_WARN_UNGUARDED_AVAILABILITY = YES_AGGRESSIVE;
				CLANG_WARN_UNREACHABLE_CODE = YES;
				CLANG_WARN__DUPLICATE_METHOD_MATCH = YES;
				COPY_PHASE_STRIP = NO;
				DEAD_CODE_STRIPPING = YES;
				DEBUG_INFORMATION_FORMAT = dwarf;
				ENABLE_STRICT_OBJC_MSGSEND = YES;
				ENABLE_TESTABILITY = YES;
				GCC_C_LANGUAGE_STANDARD = gnu11;
				GCC_DYNAMIC_NO_PIC = NO;
				GCC_NO_COMMON_BLOCKS = YES;
				GCC_OPTIMIZATION_LEVEL = 0;
				GCC_PREPROCESSOR_DEFINITIONS = (
					"DEBUG=1",
					"$(inherited)",
				);
				GCC_WARN_64_TO_32_BIT_CONVERSION = YES;
				GCC_WARN_ABOUT_RETURN_TYPE = YES_ERROR;
				GCC_WARN_UNDECLARED_SELECTOR = YES;
				GCC_WARN_UNINITIALIZED_AUTOS = YES_AGGRESSIVE;
				GCC_WARN_UNUSED_FUNCTION = YES;
				GCC_WARN_UNUSED_VARIABLE = YES;
				MTL_ENABLE_DEBUG_INFO = YES;
				ONLY_ACTIVE_ARCH = YES;
				PRODUCT_NAME = "$(TARGET_NAME)";
			};
			name = Debug;
		};
		DAEB89FB4E5A32C474926CC6 /* Release */ = {
			isa = XCBuildConfiguration;
			buildSettings = {
				ASSETCATALOG_COMPILER_APPICON_NAME = AppIcon;
				ASSETCATALOG_COMPILER_GLOBAL_ACCENT_COLOR_NAME = AccentColor;
				CODE_SIGN_IDENTITY = "iPhone Developer";
				ENABLE_PREVIEWS = YES;
				INFOPLIST_FILE = "Derived/InfoPlists/spwit-Info.plist";
				LD_RUNPATH_SEARCH_PATHS = (
					"$(inherited)",
					"@executable_path/Frameworks",
				);
				PRODUCT_BUNDLE_IDENTIFIER = com.bernanda.spwit;
				PRODUCT_NAME = spwit;
				SDKROOT = iphoneos;
				SUPPORTS_MACCATALYST = NO;
				SUPPORTS_MAC_DESIGNED_FOR_IPHONE_IPAD = YES;
				SUPPORTS_XR_DESIGNED_FOR_IPHONE_IPAD = NO;
				SWIFT_COMPILATION_MODE = wholemodule;
				SWIFT_OPTIMIZATION_LEVEL = "-O";
				SWIFT_VERSION = 5.0;
				TARGETED_DEVICE_FAMILY = "1,2";
			};
			name = Release;
		};
		EDA8F4073218015AC28CC8B4 /* Release */ = {
			isa = XCBuildConfiguration;
			buildSettings = {
				ALWAYS_SEARCH_USER_PATHS = NO;
				CLANG_ANALYZER_LOCALIZABILITY_NONLOCALIZED = YES;
				CLANG_ANALYZER_NONNULL = YES;
				CLANG_ANALYZER_NUMBER_OBJECT_CONVERSION = YES_AGGRESSIVE;
				CLANG_CXX_LANGUAGE_STANDARD = "gnu++14";
				CLANG_CXX_LIBRARY = "libc++";
				CLANG_ENABLE_MODULES = YES;
				CLANG_ENABLE_OBJC_ARC = YES;
				CLANG_ENABLE_OBJC_WEAK = YES;
				CLANG_WARN_BLOCK_CAPTURE_AUTORELEASING = YES;
				CLANG_WARN_BOOL_CONVERSION = YES;
				CLANG_WARN_COMMA = YES;
				CLANG_WARN_CONSTANT_CONVERSION = YES;
				CLANG_WARN_DEPRECATED_OBJC_IMPLEMENTATIONS = YES;
				CLANG_WARN_DIRECT_OBJC_ISA_USAGE = YES_ERROR;
				CLANG_WARN_DOCUMENTATION_COMMENTS = YES;
				CLANG_WARN_EMPTY_BODY = YES;
				CLANG_WARN_ENUM_CONVERSION = YES;
				CLANG_WARN_INFINITE_RECURSION = YES;
				CLANG_WARN_INT_CONVERSION = YES;
				CLANG_WARN_NON_LITERAL_NULL_CONVERSION = YES;
				CLANG_WARN_OBJC_IMPLICIT_RETAIN_SELF = YES;
				CLANG_WARN_OBJC_LITERAL_CONVERSION = YES;
				CLANG_WARN_OBJC_ROOT_CLASS = YES_ERROR;
				CLANG_WARN_QUOTED_INCLUDE_IN_FRAMEWORK_HEADER = YES;
				CLANG_WARN_RANGE_LOOP_ANALYSIS = YES;
				CLANG_WARN_STRICT_PROTOTYPES = YES;
				CLANG_WARN_SUSPICIOUS_MOVE = YES;
				CLANG_WARN_UNGUARDED_AVAILABILITY = YES_AGGRESSIVE;
				CLANG_WARN_UNREACHABLE_CODE = YES;
				CLANG_WARN__DUPLICATE_METHOD_MATCH = YES;
				COPY_PHASE_STRIP = NO;
				DEAD_CODE_STRIPPING = YES;
				DEBUG_INFORMATION_FORMAT = "dwarf-with-dsym";
				ENABLE_NS_ASSERTIONS = NO;
				ENABLE_STRICT_OBJC_MSGSEND = YES;
				GCC_C_LANGUAGE_STANDARD = gnu11;
				GCC_NO_COMMON_BLOCKS = YES;
				GCC_WARN_64_TO_32_BIT_CONVERSION = YES;
				GCC_WARN_ABOUT_RETURN_TYPE = YES_ERROR;
				GCC_WARN_UNDECLARED_SELECTOR = YES;
				GCC_WARN_UNINITIALIZED_AUTOS = YES_AGGRESSIVE;
				GCC_WARN_UNUSED_FUNCTION = YES;
				GCC_WARN_UNUSED_VARIABLE = YES;
				MTL_ENABLE_DEBUG_INFO = NO;
				PRODUCT_NAME = "$(TARGET_NAME)";
				VALIDATE_PRODUCT = YES;
			};
			name = Release;
		};
		F118060AD243D84583154824 /* Debug */ = {
			isa = XCBuildConfiguration;
			buildSettings = {
				ASSETCATALOG_COMPILER_APPICON_NAME = AppIcon;
				ASSETCATALOG_COMPILER_GLOBAL_ACCENT_COLOR_NAME = AccentColor;
				CODE_SIGN_IDENTITY = "iPhone Developer";
				ENABLE_PREVIEWS = YES;
				INFOPLIST_FILE = "Derived/InfoPlists/spwit-Info.plist";
				LD_RUNPATH_SEARCH_PATHS = (
					"$(inherited)",
					"@executable_path/Frameworks",
				);
				PRODUCT_BUNDLE_IDENTIFIER = com.bernanda.spwit;
				PRODUCT_NAME = spwit;
				SDKROOT = iphoneos;
				SUPPORTS_MACCATALYST = NO;
				SUPPORTS_MAC_DESIGNED_FOR_IPHONE_IPAD = YES;
				SUPPORTS_XR_DESIGNED_FOR_IPHONE_IPAD = NO;
				SWIFT_ACTIVE_COMPILATION_CONDITIONS = (
					"$(inherited)",
					DEBUG,
				);
				SWIFT_COMPILATION_MODE = singlefile;
				SWIFT_OPTIMIZATION_LEVEL = "-Onone";
				SWIFT_VERSION = 5.0;
				TARGETED_DEVICE_FAMILY = "1,2";
			};
			name = Debug;
		};
/* End XCBuildConfiguration section */

/* Begin XCConfigurationList section */
		76DB1949447AA3C3AC7057D7 /* Build configuration list for PBXProject "spwit" */ = {
			isa = XCConfigurationList;
			buildConfigurations = (
				79F6F3825E823A041964EAAA /* Debug */,
				EDA8F4073218015AC28CC8B4 /* Release */,
			);
			defaultConfigurationIsVisible = 0;
			defaultConfigurationName = Release;
		};
		D0954B53134111D5BF7E04C9 /* Build configuration list for PBXNativeTarget "spwitTests" */ = {
			isa = XCConfigurationList;
			buildConfigurations = (
				537961C43A8495F14F8E5EC5 /* Debug */,
				404CD0A6527EE5EE6C76A0C3 /* Release */,
			);
			defaultConfigurationIsVisible = 0;
			defaultConfigurationName = Release;
		};
		E6BEAACB61670B65642C9784 /* Build configuration list for PBXNativeTarget "spwit" */ = {
			isa = XCConfigurationList;
			buildConfigurations = (
				F118060AD243D84583154824 /* Debug */,
				DAEB89FB4E5A32C474926CC6 /* Release */,
			);
			defaultConfigurationIsVisible = 0;
			defaultConfigurationName = Release;
		};
/* End XCConfigurationList section */

/* Begin XCVersionGroup section */
		677492C60FC7C174A0CDE3FF /* spwit.xcdatamodeld */ = {
			isa = XCVersionGroup;
			children = (
				932EE22FECC934950F283027 /* spwit.xcdatamodel */,
			);
			currentVersion = 932EE22FECC934950F283027 /* spwit.xcdatamodel */;
			path = spwit.xcdatamodeld;
			sourceTree = "<group>";
			versionGroupType = wrapper.xcdatamodel;
		};
/* End XCVersionGroup section */
	};
	rootObject = 2B71C55FA04D0100112C2519 /* Project object */;
}
